
Microsoft Visual Studio Solution File, Format Version 12.00
# Visual Studio Version 16
VisualStudioVersion = 16.0.31025.194
MinimumVisualStudioVersion = 10.0.40219.1
Project("{FAE04EC0-301F-11D3-BF4B-00C04F79EFBC}") = "DbContextFactoryWebApiApp", "DbContextFactoryWebApiApp\DbContextFactoryWebApiApp.csproj", "{7064A9FE-8C2C-4FD4-9277-137F474A2241}"
EndProject
Global
	GlobalSection(SolutionConfigurationPlatforms) = preSolution
		Debug|Any CPU = Debug|Any CPU
		Release|Any CPU = Release|Any CPU
	EndGlobalSection
	GlobalSection(ProjectConfigurationPlatforms) = postSolution
		{7064A9FE-8C2C-4FD4-9277-137F474A2241}.Debug|Any CPU.ActiveCfg = Debug|Any CPU
		{7064A9FE-8C2C-4FD4-9277-137F474A2241}.Debug|Any CPU.Build.0 = Debug|Any CPU
		{7064A9FE-8C2C-4FD4-9277-137F474A2241}.Release|Any CPU.ActiveCfg = Release|Any CPU
		{7064A9FE-8C2C-4FD4-9277-137F474A2241}.Release|Any CPU.Build.0 = Release|Any CPU
	EndGlobalSection
	GlobalSection(SolutionProperties) = preSolution
		HideSolutionNode = FALSE
	EndGlobalSection
	GlobalSection(ExtensibilityGlobals) = postSolution
		SolutionGuid = {788A485B-3972-4540-9D2C-D32CF2E6958F}
	EndGlobalSection
EndGlobal
